
Microsoft Visual Studio Solution File, Format Version 12.00
# Visual Studio Version 17
VisualStudioVersion = 17.9.34728.123
MinimumVisualStudioVersion = 10.0.40219.1
Project("{FAE04EC0-301F-11D3-BF4B-00C04F79EFBC}") = "Demo", "Demo\Demo.csproj", "{DD9F0C06-99B5-4AE9-AD38-89B779769B96}"
EndProject
Project("{2150E333-8FDC-42A3-9474-1A3956D46DE8}") = "Элементы решения", "Элементы решения", "{C2F6297A-4F00-4423-8EDD-26F9C5B5A214}"
	ProjectSection(SolutionItems) = preProject
		picture.png = picture.png
	EndProjectSection
EndProject
Project("{2150E333-8FDC-42A3-9474-1A3956D46DE8}") = "Resources", "Resources", "{81F0B6BA-81BD-42FF-8813-17E9826986AB}"
	ProjectSection(SolutionItems) = preProject
		picture.png = picture.png
		Приятный шелест.png = Приятный шелест.png
	EndProjectSection
EndProject
Global
	GlobalSection(SolutionConfigurationPlatforms) = preSolution
		Debug|Any CPU = Debug|Any CPU
		Release|Any CPU = Release|Any CPU
	EndGlobalSection
	GlobalSection(ProjectConfigurationPlatforms) = postSolution
		{DD9F0C06-99B5-4AE9-AD38-89B779769B96}.Debug|Any CPU.ActiveCfg = Debug|Any CPU
		{DD9F0C06-99B5-4AE9-AD38-89B779769B96}.Debug|Any CPU.Build.0 = Debug|Any CPU
		{DD9F0C06-99B5-4AE9-AD38-89B779769B96}.Release|Any CPU.ActiveCfg = Release|Any CPU
		{DD9F0C06-99B5-4AE9-AD38-89B779769B96}.Release|Any CPU.Build.0 = Release|Any CPU
	EndGlobalSection
	GlobalSection(SolutionProperties) = preSolution
		HideSolutionNode = FALSE
	EndGlobalSection
	GlobalSection(ExtensibilityGlobals) = postSolution
		SolutionGuid = {18AFB746-9B2A-4C47-84D6-65925167A40E}
	EndGlobalSection
EndGlobal
